{
    "_readme": [
        "This file locks the dependencies of your project to a known state",
        "Read more about it at https://getcomposer.org/doc/01-basic-usage.md#installing-dependencies",
        "This file is @generated automatically"
    ],
    "content-hash": "1bce69cfc797c89a23732e46a00a4c56",
    "packages": [],
    "packages-dev": [],
    "aliases": [],
    "minimum-stability": "stable",
    "stability-flags": [],
    "prefer-stable": false,
    "prefer-lowest": false,
    "platform": {
        "php": ">= 5.5.9",
        "ext-curl": "*",
        "ext-dom": "*",
        "ext-openssl": "*"
    },
    "platform-dev": [],
    "plugin-api-version": "1.1.0"
}
